
Microsoft Visual Studio Solution File, Format Version 12.00
# Visual Studio 15
VisualStudioVersion = 15.0.27703.2047
MinimumVisualStudioVersion = 10.0.40219.1
Project("{FAE04EC0-301F-11D3-BF4B-00C04F79EFBC}") = "ACM.BL", "ACM.BL\ACM.BL.csproj", "{ABA118B2-F078-4589-ACEB-D3000BFC4A10}"
EndProject
Project("{2150E333-8FDC-42A3-9474-1A3956D46DE8}") = "Tests", "Tests", "{2B0F590E-FDBA-4F00-A485-4A1B65E85103}"
EndProject
Project("{FAE04EC0-301F-11D3-BF4B-00C04F79EFBC}") = "ACM.BLTest", "ACM.BLTest\ACM.BLTest.csproj", "{2374A3D3-339A-4800-A4F9-9B6DFC7B5F61}"
EndProject
Global
	GlobalSection(SolutionConfigurationPlatforms) = preSolution
		Debug|Any CPU = Debug|Any CPU
		Release|Any CPU = Release|Any CPU
	EndGlobalSection
	GlobalSection(ProjectConfigurationPlatforms) = postSolution
		{ABA118B2-F078-4589-ACEB-D3000BFC4A10}.Debug|Any CPU.ActiveCfg = Debug|Any CPU
		{ABA118B2-F078-4589-ACEB-D3000BFC4A10}.Debug|Any CPU.Build.0 = Debug|Any CPU
		{ABA118B2-F078-4589-ACEB-D3000BFC4A10}.Release|Any CPU.ActiveCfg = Release|Any CPU
		{ABA118B2-F078-4589-ACEB-D3000BFC4A10}.Release|Any CPU.Build.0 = Release|Any CPU
		{2374A3D3-339A-4800-A4F9-9B6DFC7B5F61}.Debug|Any CPU.ActiveCfg = Debug|Any CPU
		{2374A3D3-339A-4800-A4F9-9B6DFC7B5F61}.Debug|Any CPU.Build.0 = Debug|Any CPU
		{2374A3D3-339A-4800-A4F9-9B6DFC7B5F61}.Release|Any CPU.ActiveCfg = Release|Any CPU
		{2374A3D3-339A-4800-A4F9-9B6DFC7B5F61}.Release|Any CPU.Build.0 = Release|Any CPU
	EndGlobalSection
	GlobalSection(SolutionProperties) = preSolution
		HideSolutionNode = FALSE
	EndGlobalSection
	GlobalSection(NestedProjects) = preSolution
		{2374A3D3-339A-4800-A4F9-9B6DFC7B5F61} = {2B0F590E-FDBA-4F00-A485-4A1B65E85103}
	EndGlobalSection
	GlobalSection(ExtensibilityGlobals) = postSolution
		SolutionGuid = {1871EAF3-1EB9-423E-ABA8-8109422CEEE5}
	EndGlobalSection
EndGlobal
